
Microsoft Visual Studio Solution File, Format Version 12.00
# Visual Studio 15
VisualStudioVersion = 15.0.28307.136
MinimumVisualStudioVersion = 10.0.40219.1
Project("{8BC9CEB8-8B4A-11D0-8D11-00A0C91BC942}") = "lab02", "lab02\lab02.vcxproj", "{EC908EBD-9C4C-49A9-83B4-4CB75AC25913}"
EndProject
Project("{8BC9CEB8-8B4A-11D0-8D11-00A0C91BC942}") = "Project1", "Project1\Project1.vcxproj", "{15F1C476-A9E5-49C1-BBB6-C9F99D53A19E}"
EndProject
Project("{8BC9CEB8-8B4A-11D0-8D11-00A0C91BC942}") = "lab2", "perevod_v_sdnf\perevod_v_sdnf.vcxproj", "{81DEF7C6-3496-4E9A-A59C-F92DAB871358}"
EndProject
Project("{8BC9CEB8-8B4A-11D0-8D11-00A0C91BC942}") = "minimiz", "minimiz\minimiz.vcxproj", "{28002ADB-4665-4E87-A1CA-ABF99F6610DF}"
EndProject
Project("{8BC9CEB8-8B4A-11D0-8D11-00A0C91BC942}") = "Chess", "Chess\Chess.vcxproj", "{A72791B2-9161-4995-9CA1-AC2658F06ADE}"
EndProject
Project("{8BC9CEB8-8B4A-11D0-8D11-00A0C91BC942}") = "lab-3", "lab-3\lab-3.vcxproj", "{AA785498-E15A-450E-B420-C179E0B7E0A2}"
EndProject
Project("{8BC9CEB8-8B4A-11D0-8D11-00A0C91BC942}") = "lab-2", "lab-2\lab-2.vcxproj", "{6E0521DE-F451-470C-9BB8-2BF34F04426A}"
EndProject
Project("{8BC9CEB8-8B4A-11D0-8D11-00A0C91BC942}") = "lab-03", "lab-03\lab-03.vcxproj", "{1AC50218-0DC6-4F42-BF45-FED72465D96A}"
EndProject
Project("{8BC9CEB8-8B4A-11D0-8D11-00A0C91BC942}") = "Project2", "Project2\Project2.vcxproj", "{7141D009-A7C6-4CE9-97C0-DBC5E47B1EAE}"
EndProject
Project("{8BC9CEB8-8B4A-11D0-8D11-00A0C91BC942}") = "lab03", "lab03\lab03.vcxproj", "{6994BC02-C980-438E-AA1C-5A14DEBC129A}"
EndProject
Project("{8BC9CEB8-8B4A-11D0-8D11-00A0C91BC942}") = "LZW", "LZW\LZW.vcxproj", "{52B53C0F-A67B-49C2-AEF8-F14551FCA876}"
EndProject
Project("{8BC9CEB8-8B4A-11D0-8D11-00A0C91BC942}") = "lab02_polinom", "lab02_polinom\lab02_polinom.vcxproj", "{A1FC224B-0CEB-4579-90E8-18853E340315}"
EndProject
Project("{8BC9CEB8-8B4A-11D0-8D11-00A0C91BC942}") = "Project3", "Project3\Project3.vcxproj", "{DE128D0E-F795-4CC6-A8C6-F607C4E7F017}"
EndProject
Global
	GlobalSection(SolutionConfigurationPlatforms) = preSolution
		Debug|x64 = Debug|x64
		Debug|x86 = Debug|x86
		Release|x64 = Release|x64
		Release|x86 = Release|x86
	EndGlobalSection
	GlobalSection(ProjectConfigurationPlatforms) = postSolution
		{EC908EBD-9C4C-49A9-83B4-4CB75AC25913}.Debug|x64.ActiveCfg = Debug|x64
		{EC908EBD-9C4C-49A9-83B4-4CB75AC25913}.Debug|x64.Build.0 = Debug|x64
		{EC908EBD-9C4C-49A9-83B4-4CB75AC25913}.Debug|x86.ActiveCfg = Debug|Win32
		{EC908EBD-9C4C-49A9-83B4-4CB75AC25913}.Debug|x86.Build.0 = Debug|Win32
		{EC908EBD-9C4C-49A9-83B4-4CB75AC25913}.Release|x64.ActiveCfg = Release|x64
		{EC908EBD-9C4C-49A9-83B4-4CB75AC25913}.Release|x64.Build.0 = Release|x64
		{EC908EBD-9C4C-49A9-83B4-4CB75AC25913}.Release|x86.ActiveCfg = Release|Win32
		{EC908EBD-9C4C-49A9-83B4-4CB75AC25913}.Release|x86.Build.0 = Release|Win32
		{15F1C476-A9E5-49C1-BBB6-C9F99D53A19E}.Debug|x64.ActiveCfg = Debug|x64
		{15F1C476-A9E5-49C1-BBB6-C9F99D53A19E}.Debug|x64.Build.0 = Debug|x64
		{15F1C476-A9E5-49C1-BBB6-C9F99D53A19E}.Debug|x86.ActiveCfg = Debug|Win32
		{15F1C476-A9E5-49C1-BBB6-C9F99D53A19E}.Debug|x86.Build.0 = Debug|Win32
		{15F1C476-A9E5-49C1-BBB6-C9F99D53A19E}.Release|x64.ActiveCfg = Release|x64
		{15F1C476-A9E5-49C1-BBB6-C9F99D53A19E}.Release|x64.Build.0 = Release|x64
		{15F1C476-A9E5-49C1-BBB6-C9F99D53A19E}.Release|x86.ActiveCfg = Release|Win32
		{15F1C476-A9E5-49C1-BBB6-C9F99D53A19E}.Release|x86.Build.0 = Release|Win32
		{81DEF7C6-3496-4E9A-A59C-F92DAB871358}.Debug|x64.ActiveCfg = Debug|x64
		{81DEF7C6-3496-4E9A-A59C-F92DAB871358}.Debug|x64.Build.0 = Debug|x64
		{81DEF7C6-3496-4E9A-A59C-F92DAB871358}.Debug|x86.ActiveCfg = Debug|Win32
		{81DEF7C6-3496-4E9A-A59C-F92DAB871358}.Debug|x86.Build.0 = Debug|Win32
		{81DEF7C6-3496-4E9A-A59C-F92DAB871358}.Release|x64.ActiveCfg = Release|x64
		{81DEF7C6-3496-4E9A-A59C-F92DAB871358}.Release|x64.Build.0 = Release|x64
		{81DEF7C6-3496-4E9A-A59C-F92DAB871358}.Release|x86.ActiveCfg = Release|Win32
		{81DEF7C6-3496-4E9A-A59C-F92DAB871358}.Release|x86.Build.0 = Release|Win32
		{28002ADB-4665-4E87-A1CA-ABF99F6610DF}.Debug|x64.ActiveCfg = Debug|x64
		{28002ADB-4665-4E87-A1CA-ABF99F6610DF}.Debug|x64.Build.0 = Debug|x64
		{28002ADB-4665-4E87-A1CA-ABF99F6610DF}.Debug|x86.ActiveCfg = Debug|Win32
		{28002ADB-4665-4E87-A1CA-ABF99F6610DF}.Debug|x86.Build.0 = Debug|Win32
		{28002ADB-4665-4E87-A1CA-ABF99F6610DF}.Release|x64.ActiveCfg = Release|x64
		{28002ADB-4665-4E87-A1CA-ABF99F6610DF}.Release|x64.Build.0 = Release|x64
		{28002ADB-4665-4E87-A1CA-ABF99F6610DF}.Release|x86.ActiveCfg = Release|Win32
		{28002ADB-4665-4E87-A1CA-ABF99F6610DF}.Release|x86.Build.0 = Release|Win32
		{A72791B2-9161-4995-9CA1-AC2658F06ADE}.Debug|x64.ActiveCfg = Debug|x64
		{A72791B2-9161-4995-9CA1-AC2658F06ADE}.Debug|x64.Build.0 = Debug|x64
		{A72791B2-9161-4995-9CA1-AC2658F06ADE}.Debug|x86.ActiveCfg = Debug|Win32
		{A72791B2-9161-4995-9CA1-AC2658F06ADE}.Debug|x86.Build.0 = Debug|Win32
		{A72791B2-9161-4995-9CA1-AC2658F06ADE}.Release|x64.ActiveCfg = Release|x64
		{A72791B2-9161-4995-9CA1-AC2658F06ADE}.Release|x64.Build.0 = Release|x64
		{A72791B2-9161-4995-9CA1-AC2658F06ADE}.Release|x86.ActiveCfg = Release|Win32
		{A72791B2-9161-4995-9CA1-AC2658F06ADE}.Release|x86.Build.0 = Release|Win32
		{AA785498-E15A-450E-B420-C179E0B7E0A2}.Debug|x64.ActiveCfg = Debug|x64
		{AA785498-E15A-450E-B420-C179E0B7E0A2}.Debug|x64.Build.0 = Debug|x64
		{AA785498-E15A-450E-B420-C179E0B7E0A2}.Debug|x86.ActiveCfg = Debug|Win32
		{AA785498-E15A-450E-B420-C179E0B7E0A2}.Debug|x86.Build.0 = Debug|Win32
		{AA785498-E15A-450E-B420-C179E0B7E0A2}.Release|x64.ActiveCfg = Release|x64
		{AA785498-E15A-450E-B420-C179E0B7E0A2}.Release|x64.Build.0 = Release|x64
		{AA785498-E15A-450E-B420-C179E0B7E0A2}.Release|x86.ActiveCfg = Release|Win32
		{AA785498-E15A-450E-B420-C179E0B7E0A2}.Release|x86.Build.0 = Release|Win32
		{6E0521DE-F451-470C-9BB8-2BF34F04426A}.Debug|x64.ActiveCfg = Debug|x64
		{6E0521DE-F451-470C-9BB8-2BF34F04426A}.Debug|x64.Build.0 = Debug|x64
		{6E0521DE-F451-470C-9BB8-2BF34F04426A}.Debug|x86.ActiveCfg = Debug|Win32
		{6E0521DE-F451-470C-9BB8-2BF34F04426A}.Debug|x86.Build.0 = Debug|Win32
		{6E0521DE-F451-470C-9BB8-2BF34F04426A}.Release|x64.ActiveCfg = Release|x64
		{6E0521DE-F451-470C-9BB8-2BF34F04426A}.Release|x64.Build.0 = Release|x64
		{6E0521DE-F451-470C-9BB8-2BF34F04426A}.Release|x86.ActiveCfg = Release|Win32
		{6E0521DE-F451-470C-9BB8-2BF34F04426A}.Release|x86.Build.0 = Release|Win32
		{1AC50218-0DC6-4F42-BF45-FED72465D96A}.Debug|x64.ActiveCfg = Debug|x64
		{1AC50218-0DC6-4F42-BF45-FED72465D96A}.Debug|x64.Build.0 = Debug|x64
		{1AC50218-0DC6-4F42-BF45-FED72465D96A}.Debug|x86.ActiveCfg = Debug|Win32
		{1AC50218-0DC6-4F42-BF45-FED72465D96A}.Debug|x86.Build.0 = Debug|Win32
		{1AC50218-0DC6-4F42-BF45-FED72465D96A}.Release|x64.ActiveCfg = Release|x64
		{1AC50218-0DC6-4F42-BF45-FED72465D96A}.Release|x64.Build.0 = Release|x64
		{1AC50218-0DC6-4F42-BF45-FED72465D96A}.Release|x86.ActiveCfg = Release|Win32
		{1AC50218-0DC6-4F42-BF45-FED72465D96A}.Release|x86.Build.0 = Release|Win32
		{7141D009-A7C6-4CE9-97C0-DBC5E47B1EAE}.Debug|x64.ActiveCfg = Debug|x64
		{7141D009-A7C6-4CE9-97C0-DBC5E47B1EAE}.Debug|x64.Build.0 = Debug|x64
		{7141D009-A7C6-4CE9-97C0-DBC5E47B1EAE}.Debug|x86.ActiveCfg = Debug|Win32
		{7141D009-A7C6-4CE9-97C0-DBC5E47B1EAE}.Debug|x86.Build.0 = Debug|Win32
		{7141D009-A7C6-4CE9-97C0-DBC5E47B1EAE}.Release|x64.ActiveCfg = Release|x64
		{7141D009-A7C6-4CE9-97C0-DBC5E47B1EAE}.Release|x64.Build.0 = Release|x64
		{7141D009-A7C6-4CE9-97C0-DBC5E47B1EAE}.Release|x86.ActiveCfg = Release|Win32
		{7141D009-A7C6-4CE9-97C0-DBC5E47B1EAE}.Release|x86.Build.0 = Release|Win32
		{6994BC02-C980-438E-AA1C-5A14DEBC129A}.Debug|x64.ActiveCfg = Debug|x64
		{6994BC02-C980-438E-AA1C-5A14DEBC129A}.Debug|x64.Build.0 = Debug|x64
		{6994BC02-C980-438E-AA1C-5A14DEBC129A}.Debug|x86.ActiveCfg = Debug|Win32
		{6994BC02-C980-438E-AA1C-5A14DEBC129A}.Debug|x86.Build.0 = Debug|Win32
		{6994BC02-C980-438E-AA1C-5A14DEBC129A}.Release|x64.ActiveCfg = Release|x64
		{6994BC02-C980-438E-AA1C-5A14DEBC129A}.Release|x64.Build.0 = Release|x64
		{6994BC02-C980-438E-AA1C-5A14DEBC129A}.Release|x86.ActiveCfg = Release|Win32
		{6994BC02-C980-438E-AA1C-5A14DEBC129A}.Release|x86.Build.0 = Release|Win32
		{52B53C0F-A67B-49C2-AEF8-F14551FCA876}.Debug|x64.ActiveCfg = Debug|x64
		{52B53C0F-A67B-49C2-AEF8-F14551FCA876}.Debug|x64.Build.0 = Debug|x64
		{52B53C0F-A67B-49C2-AEF8-F14551FCA876}.Debug|x86.ActiveCfg = Debug|Win32
		{52B53C0F-A67B-49C2-AEF8-F14551FCA876}.Debug|x86.Build.0 = Debug|Win32
		{52B53C0F-A67B-49C2-AEF8-F14551FCA876}.Release|x64.ActiveCfg = Release|x64
		{52B53C0F-A67B-49C2-AEF8-F14551FCA876}.Release|x64.Build.0 = Release|x64
		{52B53C0F-A67B-49C2-AEF8-F14551FCA876}.Release|x86.ActiveCfg = Release|Win32
		{52B53C0F-A67B-49C2-AEF8-F14551FCA876}.Release|x86.Build.0 = Release|Win32
		{A1FC224B-0CEB-4579-90E8-18853E340315}.Debug|x64.ActiveCfg = Debug|x64
		{A1FC224B-0CEB-4579-90E8-18853E340315}.Debug|x64.Build.0 = Debug|x64
		{A1FC224B-0CEB-4579-90E8-18853E340315}.Debug|x86.ActiveCfg = Debug|Win32
		{A1FC224B-0CEB-4579-90E8-18853E340315}.Debug|x86.Build.0 = Debug|Win32
		{A1FC224B-0CEB-4579-90E8-18853E340315}.Release|x64.ActiveCfg = Release|x64
		{A1FC224B-0CEB-4579-90E8-18853E340315}.Release|x64.Build.0 = Release|x64
		{A1FC224B-0CEB-4579-90E8-18853E340315}.Release|x86.ActiveCfg = Release|Win32
		{A1FC224B-0CEB-4579-90E8-18853E340315}.Release|x86.Build.0 = Release|Win32
		{DE128D0E-F795-4CC6-A8C6-F607C4E7F017}.Debug|x64.ActiveCfg = Debug|x64
		{DE128D0E-F795-4CC6-A8C6-F607C4E7F017}.Debug|x64.Build.0 = Debug|x64
		{DE128D0E-F795-4CC6-A8C6-F607C4E7F017}.Debug|x86.ActiveCfg = Debug|Win32
		{DE128D0E-F795-4CC6-A8C6-F607C4E7F017}.Debug|x86.Build.0 = Debug|Win32
		{DE128D0E-F795-4CC6-A8C6-F607C4E7F017}.Release|x64.ActiveCfg = Release|x64
		{DE128D0E-F795-4CC6-A8C6-F607C4E7F017}.Release|x64.Build.0 = Release|x64
		{DE128D0E-F795-4CC6-A8C6-F607C4E7F017}.Release|x86.ActiveCfg = Release|Win32
		{DE128D0E-F795-4CC6-A8C6-F607C4E7F017}.Release|x86.Build.0 = Release|Win32
	EndGlobalSection
	GlobalSection(SolutionProperties) = preSolution
		HideSolutionNode = FALSE
	EndGlobalSection
	GlobalSection(ExtensibilityGlobals) = postSolution
		SolutionGuid = {8737A157-FD86-40B7-96DA-2D835E226B56}
	EndGlobalSection
EndGlobal
