
Microsoft Visual Studio Solution File, Format Version 12.00
# Visual Studio 15
VisualStudioVersion = 15.0.28010.2019
MinimumVisualStudioVersion = 10.0.40219.1
Project("{8BC9CEB8-8B4A-11D0-8D11-00A0C91BC942}") = "pol", "pol\pol.vcxproj", "{1AAEAB60-53A5-4A0B-9F3C-982FDFF13A10}"
EndProject
Global
	GlobalSection(SolutionConfigurationPlatforms) = preSolution
		Debug|x64 = Debug|x64
		Debug|x86 = Debug|x86
		Release|x64 = Release|x64
		Release|x86 = Release|x86
	EndGlobalSection
	GlobalSection(ProjectConfigurationPlatforms) = postSolution
		{1AAEAB60-53A5-4A0B-9F3C-982FDFF13A10}.Debug|x64.ActiveCfg = Debug|x64
		{1AAEAB60-53A5-4A0B-9F3C-982FDFF13A10}.Debug|x64.Build.0 = Debug|x64
		{1AAEAB60-53A5-4A0B-9F3C-982FDFF13A10}.Debug|x86.ActiveCfg = Debug|Win32
		{1AAEAB60-53A5-4A0B-9F3C-982FDFF13A10}.Debug|x86.Build.0 = Debug|Win32
		{1AAEAB60-53A5-4A0B-9F3C-982FDFF13A10}.Release|x64.ActiveCfg = Release|x64
		{1AAEAB60-53A5-4A0B-9F3C-982FDFF13A10}.Release|x64.Build.0 = Release|x64
		{1AAEAB60-53A5-4A0B-9F3C-982FDFF13A10}.Release|x86.ActiveCfg = Release|Win32
		{1AAEAB60-53A5-4A0B-9F3C-982FDFF13A10}.Release|x86.Build.0 = Release|Win32
	EndGlobalSection
	GlobalSection(SolutionProperties) = preSolution
		HideSolutionNode = FALSE
	EndGlobalSection
	GlobalSection(ExtensibilityGlobals) = postSolution
		SolutionGuid = {1F535E2B-4B51-4750-A2DE-9032382808F0}
	EndGlobalSection
EndGlobal
