
Microsoft Visual Studio Solution File, Format Version 12.00
# Visual Studio 15
VisualStudioVersion = 15.0.28010.2019
MinimumVisualStudioVersion = 10.0.40219.1
Project("{8BC9CEB8-8B4A-11D0-8D11-00A0C91BC942}") = "1_12", "1_12\1_12.vcxproj", "{80B28EA1-2770-417B-A63E-C0F3DC5D5038}"
EndProject
Project("{8BC9CEB8-8B4A-11D0-8D11-00A0C91BC942}") = "1_24", "1_24\1_24.vcxproj", "{244E4B43-B090-401C-B379-F8D6348D8072}"
EndProject
Project("{8BC9CEB8-8B4A-11D0-8D11-00A0C91BC942}") = "1_36", "1_36\1_36.vcxproj", "{E6A17C86-C231-449B-BB65-73B6590E9FE2}"
EndProject
Project("{8BC9CEB8-8B4A-11D0-8D11-00A0C91BC942}") = "2_12", "2_12\2_12.vcxproj", "{1B3C6EAB-E076-4D09-BFAA-2C36F151F7B9}"
EndProject
Project("{8BC9CEB8-8B4A-11D0-8D11-00A0C91BC942}") = "2_24", "2_24\2_24.vcxproj", "{2F7E841D-6C41-4406-9951-C63EC9324D8F}"
EndProject
Project("{8BC9CEB8-8B4A-11D0-8D11-00A0C91BC942}") = "3_12", "3_12\3_12.vcxproj", "{CBCC16DB-C32D-4995-A0D2-D9C7EA7C42AD}"
EndProject
Project("{8BC9CEB8-8B4A-11D0-8D11-00A0C91BC942}") = "3_24", "3_24\3_24.vcxproj", "{FBF5AFC4-79BE-4749-AC23-915709D92F95}"
EndProject
Project("{8BC9CEB8-8B4A-11D0-8D11-00A0C91BC942}") = "3_36", "3_36\3_36.vcxproj", "{F5E9B0AC-982E-4CEA-9400-7D8E96FB015C}"
EndProject
Global
	GlobalSection(SolutionConfigurationPlatforms) = preSolution
		Debug|x64 = Debug|x64
		Debug|x86 = Debug|x86
		Release|x64 = Release|x64
		Release|x86 = Release|x86
	EndGlobalSection
	GlobalSection(ProjectConfigurationPlatforms) = postSolution
		{80B28EA1-2770-417B-A63E-C0F3DC5D5038}.Debug|x64.ActiveCfg = Debug|x64
		{80B28EA1-2770-417B-A63E-C0F3DC5D5038}.Debug|x64.Build.0 = Debug|x64
		{80B28EA1-2770-417B-A63E-C0F3DC5D5038}.Debug|x86.ActiveCfg = Debug|Win32
		{80B28EA1-2770-417B-A63E-C0F3DC5D5038}.Debug|x86.Build.0 = Debug|Win32
		{80B28EA1-2770-417B-A63E-C0F3DC5D5038}.Release|x64.ActiveCfg = Release|x64
		{80B28EA1-2770-417B-A63E-C0F3DC5D5038}.Release|x64.Build.0 = Release|x64
		{80B28EA1-2770-417B-A63E-C0F3DC5D5038}.Release|x86.ActiveCfg = Release|Win32
		{80B28EA1-2770-417B-A63E-C0F3DC5D5038}.Release|x86.Build.0 = Release|Win32
		{244E4B43-B090-401C-B379-F8D6348D8072}.Debug|x64.ActiveCfg = Debug|x64
		{244E4B43-B090-401C-B379-F8D6348D8072}.Debug|x64.Build.0 = Debug|x64
		{244E4B43-B090-401C-B379-F8D6348D8072}.Debug|x86.ActiveCfg = Debug|Win32
		{244E4B43-B090-401C-B379-F8D6348D8072}.Debug|x86.Build.0 = Debug|Win32
		{244E4B43-B090-401C-B379-F8D6348D8072}.Release|x64.ActiveCfg = Release|x64
		{244E4B43-B090-401C-B379-F8D6348D8072}.Release|x64.Build.0 = Release|x64
		{244E4B43-B090-401C-B379-F8D6348D8072}.Release|x86.ActiveCfg = Release|Win32
		{244E4B43-B090-401C-B379-F8D6348D8072}.Release|x86.Build.0 = Release|Win32
		{E6A17C86-C231-449B-BB65-73B6590E9FE2}.Debug|x64.ActiveCfg = Debug|x64
		{E6A17C86-C231-449B-BB65-73B6590E9FE2}.Debug|x64.Build.0 = Debug|x64
		{E6A17C86-C231-449B-BB65-73B6590E9FE2}.Debug|x86.ActiveCfg = Debug|Win32
		{E6A17C86-C231-449B-BB65-73B6590E9FE2}.Debug|x86.Build.0 = Debug|Win32
		{E6A17C86-C231-449B-BB65-73B6590E9FE2}.Release|x64.ActiveCfg = Release|x64
		{E6A17C86-C231-449B-BB65-73B6590E9FE2}.Release|x64.Build.0 = Release|x64
		{E6A17C86-C231-449B-BB65-73B6590E9FE2}.Release|x86.ActiveCfg = Release|Win32
		{E6A17C86-C231-449B-BB65-73B6590E9FE2}.Release|x86.Build.0 = Release|Win32
		{1B3C6EAB-E076-4D09-BFAA-2C36F151F7B9}.Debug|x64.ActiveCfg = Debug|x64
		{1B3C6EAB-E076-4D09-BFAA-2C36F151F7B9}.Debug|x64.Build.0 = Debug|x64
		{1B3C6EAB-E076-4D09-BFAA-2C36F151F7B9}.Debug|x86.ActiveCfg = Debug|Win32
		{1B3C6EAB-E076-4D09-BFAA-2C36F151F7B9}.Debug|x86.Build.0 = Debug|Win32
		{1B3C6EAB-E076-4D09-BFAA-2C36F151F7B9}.Release|x64.ActiveCfg = Release|x64
		{1B3C6EAB-E076-4D09-BFAA-2C36F151F7B9}.Release|x64.Build.0 = Release|x64
		{1B3C6EAB-E076-4D09-BFAA-2C36F151F7B9}.Release|x86.ActiveCfg = Release|Win32
		{1B3C6EAB-E076-4D09-BFAA-2C36F151F7B9}.Release|x86.Build.0 = Release|Win32
		{2F7E841D-6C41-4406-9951-C63EC9324D8F}.Debug|x64.ActiveCfg = Debug|x64
		{2F7E841D-6C41-4406-9951-C63EC9324D8F}.Debug|x64.Build.0 = Debug|x64
		{2F7E841D-6C41-4406-9951-C63EC9324D8F}.Debug|x86.ActiveCfg = Debug|Win32
		{2F7E841D-6C41-4406-9951-C63EC9324D8F}.Debug|x86.Build.0 = Debug|Win32
		{2F7E841D-6C41-4406-9951-C63EC9324D8F}.Release|x64.ActiveCfg = Release|x64
		{2F7E841D-6C41-4406-9951-C63EC9324D8F}.Release|x64.Build.0 = Release|x64
		{2F7E841D-6C41-4406-9951-C63EC9324D8F}.Release|x86.ActiveCfg = Release|Win32
		{2F7E841D-6C41-4406-9951-C63EC9324D8F}.Release|x86.Build.0 = Release|Win32
		{CBCC16DB-C32D-4995-A0D2-D9C7EA7C42AD}.Debug|x64.ActiveCfg = Debug|x64
		{CBCC16DB-C32D-4995-A0D2-D9C7EA7C42AD}.Debug|x64.Build.0 = Debug|x64
		{CBCC16DB-C32D-4995-A0D2-D9C7EA7C42AD}.Debug|x86.ActiveCfg = Debug|Win32
		{CBCC16DB-C32D-4995-A0D2-D9C7EA7C42AD}.Debug|x86.Build.0 = Debug|Win32
		{CBCC16DB-C32D-4995-A0D2-D9C7EA7C42AD}.Release|x64.ActiveCfg = Release|x64
		{CBCC16DB-C32D-4995-A0D2-D9C7EA7C42AD}.Release|x64.Build.0 = Release|x64
		{CBCC16DB-C32D-4995-A0D2-D9C7EA7C42AD}.Release|x86.ActiveCfg = Release|Win32
		{CBCC16DB-C32D-4995-A0D2-D9C7EA7C42AD}.Release|x86.Build.0 = Release|Win32
		{FBF5AFC4-79BE-4749-AC23-915709D92F95}.Debug|x64.ActiveCfg = Debug|x64
		{FBF5AFC4-79BE-4749-AC23-915709D92F95}.Debug|x64.Build.0 = Debug|x64
		{FBF5AFC4-79BE-4749-AC23-915709D92F95}.Debug|x86.ActiveCfg = Debug|Win32
		{FBF5AFC4-79BE-4749-AC23-915709D92F95}.Debug|x86.Build.0 = Debug|Win32
		{FBF5AFC4-79BE-4749-AC23-915709D92F95}.Release|x64.ActiveCfg = Release|x64
		{FBF5AFC4-79BE-4749-AC23-915709D92F95}.Release|x64.Build.0 = Release|x64
		{FBF5AFC4-79BE-4749-AC23-915709D92F95}.Release|x86.ActiveCfg = Release|Win32
		{FBF5AFC4-79BE-4749-AC23-915709D92F95}.Release|x86.Build.0 = Release|Win32
		{F5E9B0AC-982E-4CEA-9400-7D8E96FB015C}.Debug|x64.ActiveCfg = Debug|x64
		{F5E9B0AC-982E-4CEA-9400-7D8E96FB015C}.Debug|x64.Build.0 = Debug|x64
		{F5E9B0AC-982E-4CEA-9400-7D8E96FB015C}.Debug|x86.ActiveCfg = Debug|Win32
		{F5E9B0AC-982E-4CEA-9400-7D8E96FB015C}.Debug|x86.Build.0 = Debug|Win32
		{F5E9B0AC-982E-4CEA-9400-7D8E96FB015C}.Release|x64.ActiveCfg = Release|x64
		{F5E9B0AC-982E-4CEA-9400-7D8E96FB015C}.Release|x64.Build.0 = Release|x64
		{F5E9B0AC-982E-4CEA-9400-7D8E96FB015C}.Release|x86.ActiveCfg = Release|Win32
		{F5E9B0AC-982E-4CEA-9400-7D8E96FB015C}.Release|x86.Build.0 = Release|Win32
	EndGlobalSection
	GlobalSection(SolutionProperties) = preSolution
		HideSolutionNode = FALSE
	EndGlobalSection
	GlobalSection(ExtensibilityGlobals) = postSolution
		SolutionGuid = {E6F3C8B1-6CEB-4D87-A654-6DBB80C32011}
	EndGlobalSection
EndGlobal
