
Microsoft Visual Studio Solution File, Format Version 12.00
# Visual Studio 15
VisualStudioVersion = 15.0.28307.705
MinimumVisualStudioVersion = 10.0.40219.1
Project("{8BC9CEB8-8B4A-11D0-8D11-00A0C91BC942}") = "Bolty_and_Gaiki", "Bolty_and_Gaiki\Bolty_and_Gaiki.vcxproj", "{8F1AF3B1-8BC9-4D6B-8E28-13F53DB80A0E}"
EndProject
Global
	GlobalSection(SolutionConfigurationPlatforms) = preSolution
		Debug|x64 = Debug|x64
		Debug|x86 = Debug|x86
		Release|x64 = Release|x64
		Release|x86 = Release|x86
	EndGlobalSection
	GlobalSection(ProjectConfigurationPlatforms) = postSolution
		{8F1AF3B1-8BC9-4D6B-8E28-13F53DB80A0E}.Debug|x64.ActiveCfg = Debug|x64
		{8F1AF3B1-8BC9-4D6B-8E28-13F53DB80A0E}.Debug|x64.Build.0 = Debug|x64
		{8F1AF3B1-8BC9-4D6B-8E28-13F53DB80A0E}.Debug|x86.ActiveCfg = Debug|Win32
		{8F1AF3B1-8BC9-4D6B-8E28-13F53DB80A0E}.Debug|x86.Build.0 = Debug|Win32
		{8F1AF3B1-8BC9-4D6B-8E28-13F53DB80A0E}.Release|x64.ActiveCfg = Release|x64
		{8F1AF3B1-8BC9-4D6B-8E28-13F53DB80A0E}.Release|x64.Build.0 = Release|x64
		{8F1AF3B1-8BC9-4D6B-8E28-13F53DB80A0E}.Release|x86.ActiveCfg = Release|Win32
		{8F1AF3B1-8BC9-4D6B-8E28-13F53DB80A0E}.Release|x86.Build.0 = Release|Win32
	EndGlobalSection
	GlobalSection(SolutionProperties) = preSolution
		HideSolutionNode = FALSE
	EndGlobalSection
	GlobalSection(ExtensibilityGlobals) = postSolution
		SolutionGuid = {9751B61D-28BD-4F7A-883E-38728ED8F012}
	EndGlobalSection
EndGlobal
